
Microsoft Visual Studio Solution File, Format Version 12.00
Project("{FAE04EC0-301F-11D3-BF4B-00C04F79EFBC}") = "WebAPIDemo", "WebAPIDemo\WebAPIDemo.csproj", "{B29D35E6-CB12-4E94-AB40-9F3E02298D64}"
EndProject
Project("{FAE04EC0-301F-11D3-BF4B-00C04F79EFBC}") = "WebApplicationDemo", "WebApplicationDemo\WebApplicationDemo.csproj", "{DC537A3C-669C-4D20-B5D6-51B7904C2272}"
EndProject
Global
	GlobalSection(SolutionConfigurationPlatforms) = preSolution
		Debug|Any CPU = Debug|Any CPU
		Release|Any CPU = Release|Any CPU
	EndGlobalSection
	GlobalSection(ProjectConfigurationPlatforms) = postSolution
		{B29D35E6-CB12-4E94-AB40-9F3E02298D64}.Debug|Any CPU.ActiveCfg = Debug|Any CPU
		{B29D35E6-CB12-4E94-AB40-9F3E02298D64}.Debug|Any CPU.Build.0 = Debug|Any CPU
		{B29D35E6-CB12-4E94-AB40-9F3E02298D64}.Release|Any CPU.ActiveCfg = Release|Any CPU
		{B29D35E6-CB12-4E94-AB40-9F3E02298D64}.Release|Any CPU.Build.0 = Release|Any CPU
		{DC537A3C-669C-4D20-B5D6-51B7904C2272}.Debug|Any CPU.ActiveCfg = Debug|Any CPU
		{DC537A3C-669C-4D20-B5D6-51B7904C2272}.Debug|Any CPU.Build.0 = Debug|Any CPU
		{DC537A3C-669C-4D20-B5D6-51B7904C2272}.Release|Any CPU.ActiveCfg = Release|Any CPU
		{DC537A3C-669C-4D20-B5D6-51B7904C2272}.Release|Any CPU.Build.0 = Release|Any CPU
	EndGlobalSection
EndGlobal
